
Microsoft Visual Studio Solution File, Format Version 12.00
# Visual Studio 15
VisualStudioVersion = 15.0.28307.329
MinimumVisualStudioVersion = 10.0.40219.1
Project("{FAE04EC0-301F-11D3-BF4B-00C04F79EFBC}") = "DemoCRUD", "DemoCRUD\DemoCRUD.csproj", "{9365AA23-8F8F-4235-B3E0-9D5A626F7010}"
EndProject
Project("{FAE04EC0-301F-11D3-BF4B-00C04F79EFBC}") = "DataAccessLayer", "DataAccessLayer\DataAccessLayer.csproj", "{BAD65E37-6EC2-4C5B-886A-B6CA37E1A0F7}"
EndProject
Project("{FAE04EC0-301F-11D3-BF4B-00C04F79EFBC}") = "Services", "Services\Services.csproj", "{BAC1C1C1-8166-4DB8-B164-26DD08A98B97}"
EndProject
Project("{FAE04EC0-301F-11D3-BF4B-00C04F79EFBC}") = "BusinessLayer", "BusinessLayer\BusinessLayer.csproj", "{E63D44BD-47AE-438F-B1D6-FA5A56CA8E25}"
EndProject
Global
	GlobalSection(SolutionConfigurationPlatforms) = preSolution
		Debug|Any CPU = Debug|Any CPU
		Release|Any CPU = Release|Any CPU
	EndGlobalSection
	GlobalSection(ProjectConfigurationPlatforms) = postSolution
		{9365AA23-8F8F-4235-B3E0-9D5A626F7010}.Debug|Any CPU.ActiveCfg = Debug|Any CPU
		{9365AA23-8F8F-4235-B3E0-9D5A626F7010}.Debug|Any CPU.Build.0 = Debug|Any CPU
		{9365AA23-8F8F-4235-B3E0-9D5A626F7010}.Release|Any CPU.ActiveCfg = Release|Any CPU
		{9365AA23-8F8F-4235-B3E0-9D5A626F7010}.Release|Any CPU.Build.0 = Release|Any CPU
		{BAD65E37-6EC2-4C5B-886A-B6CA37E1A0F7}.Debug|Any CPU.ActiveCfg = Debug|Any CPU
		{BAD65E37-6EC2-4C5B-886A-B6CA37E1A0F7}.Debug|Any CPU.Build.0 = Debug|Any CPU
		{BAD65E37-6EC2-4C5B-886A-B6CA37E1A0F7}.Release|Any CPU.ActiveCfg = Release|Any CPU
		{BAD65E37-6EC2-4C5B-886A-B6CA37E1A0F7}.Release|Any CPU.Build.0 = Release|Any CPU
		{BAC1C1C1-8166-4DB8-B164-26DD08A98B97}.Debug|Any CPU.ActiveCfg = Debug|Any CPU
		{BAC1C1C1-8166-4DB8-B164-26DD08A98B97}.Debug|Any CPU.Build.0 = Debug|Any CPU
		{BAC1C1C1-8166-4DB8-B164-26DD08A98B97}.Release|Any CPU.ActiveCfg = Release|Any CPU
		{BAC1C1C1-8166-4DB8-B164-26DD08A98B97}.Release|Any CPU.Build.0 = Release|Any CPU
		{E63D44BD-47AE-438F-B1D6-FA5A56CA8E25}.Debug|Any CPU.ActiveCfg = Debug|Any CPU
		{E63D44BD-47AE-438F-B1D6-FA5A56CA8E25}.Debug|Any CPU.Build.0 = Debug|Any CPU
		{E63D44BD-47AE-438F-B1D6-FA5A56CA8E25}.Release|Any CPU.ActiveCfg = Release|Any CPU
		{E63D44BD-47AE-438F-B1D6-FA5A56CA8E25}.Release|Any CPU.Build.0 = Release|Any CPU
	EndGlobalSection
	GlobalSection(SolutionProperties) = preSolution
		HideSolutionNode = FALSE
	EndGlobalSection
	GlobalSection(ExtensibilityGlobals) = postSolution
		SolutionGuid = {64A4DC3F-AFF7-44BC-84E5-DD6F97986309}
	EndGlobalSection
EndGlobal
